PODS:
  - Crashlytics (3.14.0):
    - Fabric (~> 1.10.2)
  - Fabric (1.10.2)
  - MBProgressHUD (1.2.0)
  - MQTTClient (0.15.3):
    - MQTTClient/Core (= 0.15.3)
  - MQTTClient/Core (0.15.3):
    - MQTTClient/Manager
    - MQTTClient/Min
  - MQTTClient/Manager (0.15.3):
    - MQTTClient/Min
  - MQTTClient/Min (0.15.3)
  - Navigine (1.1.0)

DEPENDENCIES:
  - Crashlytics
  - Fabric
  - MBProgressHUD
  - MQTTClient
  - Navigine

SPEC REPOS:
  https://github.com/CocoaPods/Specs.git:
    - Crashlytics
    - Fabric
    - MBProgressHUD
    - MQTTClient
    - Navigine

SPEC CHECKSUMS:
  Crashlytics: 540b7e5f5da5a042647227a5e3ac51d85eed06df
  Fabric: 706c8b8098fff96c33c0db69cbf81f9c551d0d74
  MBProgressHUD: 3ee5efcc380f6a79a7cc9b363dd669c5e1ae7406
  MQTTClient: 0dfa04e789479c2e461786464969895c1fcb0875
  Navigine: b1117b06b3c47632b28223fc251d1d9dcebfb22d

PODFILE CHECKSUM: 64c14bd8e4ca43c67053072e9164173d3d5f61b9

COCOAPODS: 1.9.1
